
Microsoft Visual Studio Solution File, Format Version 12.00
# Visual Studio Version 17
VisualStudioVersion = 17.9.34701.34
MinimumVisualStudioVersion = 10.0.40219.1
Project("{FAE04EC0-301F-11D3-BF4B-00C04F79EFBC}") = "PROYECTO-FLK", "PROYECTO-FLK.csproj", "{DBEF1C5F-84F1-43E7-852E-53092819EEBC}"
EndProject
Global
	GlobalSection(SolutionConfigurationPlatforms) = preSolution
		Debug|Any CPU = Debug|Any CPU
		Release|Any CPU = Release|Any CPU
	EndGlobalSection
	GlobalSection(ProjectConfigurationPlatforms) = postSolution
		{DBEF1C5F-84F1-43E7-852E-53092819EEBC}.Debug|Any CPU.ActiveCfg = Debug|Any CPU
		{DBEF1C5F-84F1-43E7-852E-53092819EEBC}.Debug|Any CPU.Build.0 = Debug|Any CPU
		{DBEF1C5F-84F1-43E7-852E-53092819EEBC}.Release|Any CPU.ActiveCfg = Release|Any CPU
		{DBEF1C5F-84F1-43E7-852E-53092819EEBC}.Release|Any CPU.Build.0 = Release|Any CPU
	EndGlobalSection
	GlobalSection(SolutionProperties) = preSolution
		HideSolutionNode = FALSE
	EndGlobalSection
	GlobalSection(ExtensibilityGlobals) = postSolution
		SolutionGuid = {7FA95CE5-94F5-4500-92DF-C4FD111F288C}
	EndGlobalSection
EndGlobal
